{
  "name": "@anchan828/typeorm-decorators",
  "version": "0.3.25",
  "lockfileVersion": 1,
  "requires": true,
  "dependencies": {
    "deepmerge": {
      "version": "4.2.1",
      "resolved": "https://registry.npmjs.org/deepmerge/-/deepmerge-4.2.1.tgz",
      "integrity": "sha512-32P7FIV6JKt0hPMFNlWFytzVGpppYHFKdnhFUEMXheWc8Lw4HnHEzJa5yxhaQedDAXv2SI6zD7+UbqnC5k9g9Q=="
    },
    "ulid": {
      "version": "2.3.0",
      "resolved": "https://registry.npmjs.org/ulid/-/ulid-2.3.0.tgz",
      "integrity": "sha512-keqHubrlpvT6G2wH0OEfSW4mquYRcbe/J8NMmveoQOjUqmo+hXtO+ORCpWhdbZ7k72UtY61BL7haGxW6enBnjw=="
    }
  }
}
