{
	"name": "@anchan828/typeorm-decorators",
	"version": "1.0.6",
	"lockfileVersion": 2,
	"requires": true,
	"packages": {
		"": {
			"name": "@anchan828/typeorm-decorators",
			"version": "1.0.6",
			"license": "MIT",
			"dependencies": {
				"ulidx": "0.3.0"
			}
		},
		"node_modules/layerr": {
			"version": "0.1.2",
			"resolved": "https://registry.npmjs.org/layerr/-/layerr-0.1.2.tgz",
			"integrity": "sha512-ob5kTd9H3S4GOG2nVXyQhOu9O8nBgP555XxWPkJI0tR0JeRilfyTp8WtPdIJHLXBmHMSdEq5+KMxiYABeScsIQ=="
		},
		"node_modules/ulidx": {
			"version": "0.3.0",
			"resolved": "https://registry.npmjs.org/ulidx/-/ulidx-0.3.0.tgz",
			"integrity": "sha512-Qvpa2xAzS6fBUpiqHSHWvn6XiSLCAPyNDDz035vsEWmUoXRqC4c9JySLIfdBuK0N1xGBxng6GHDOZgyNQfxAHg==",
			"dependencies": {
				"layerr": "^0.1.2"
			}
		}
	},
	"dependencies": {
		"layerr": {
			"version": "0.1.2",
			"resolved": "https://registry.npmjs.org/layerr/-/layerr-0.1.2.tgz",
			"integrity": "sha512-ob5kTd9H3S4GOG2nVXyQhOu9O8nBgP555XxWPkJI0tR0JeRilfyTp8WtPdIJHLXBmHMSdEq5+KMxiYABeScsIQ=="
		},
		"ulidx": {
			"version": "0.3.0",
			"resolved": "https://registry.npmjs.org/ulidx/-/ulidx-0.3.0.tgz",
			"integrity": "sha512-Qvpa2xAzS6fBUpiqHSHWvn6XiSLCAPyNDDz035vsEWmUoXRqC4c9JySLIfdBuK0N1xGBxng6GHDOZgyNQfxAHg==",
			"requires": {
				"layerr": "^0.1.2"
			}
		}
	}
}
