{
	"name": "@anchan828/typeorm-decorators",
	"version": "0.7.17",
	"lockfileVersion": 2,
	"requires": true,
	"packages": {
		"": {
			"name": "@anchan828/typeorm-decorators",
			"version": "0.7.17",
			"license": "MIT",
			"dependencies": {
				"deepmerge": "4.2.2",
				"ulid": "2.3.0"
			}
		},
		"node_modules/deepmerge": {
			"version": "4.2.2",
			"resolved": "https://registry.npmjs.org/deepmerge/-/deepmerge-4.2.2.tgz",
			"integrity": "sha512-FJ3UgI4gIl+PHZm53knsuSFpE+nESMr7M4v9QcgB7S63Kj/6WqMiFQJpBBYz1Pt+66bZpP3Q7Lye0Oo9MPKEdg==",
			"engines": {
				"node": ">=0.10.0"
			}
		},
		"node_modules/ulid": {
			"version": "2.3.0",
			"resolved": "https://registry.npmjs.org/ulid/-/ulid-2.3.0.tgz",
			"integrity": "sha512-keqHubrlpvT6G2wH0OEfSW4mquYRcbe/J8NMmveoQOjUqmo+hXtO+ORCpWhdbZ7k72UtY61BL7haGxW6enBnjw==",
			"bin": {
				"ulid": "bin/cli.js"
			}
		}
	},
	"dependencies": {
		"deepmerge": {
			"version": "4.2.2",
			"resolved": "https://registry.npmjs.org/deepmerge/-/deepmerge-4.2.2.tgz",
			"integrity": "sha512-FJ3UgI4gIl+PHZm53knsuSFpE+nESMr7M4v9QcgB7S63Kj/6WqMiFQJpBBYz1Pt+66bZpP3Q7Lye0Oo9MPKEdg=="
		},
		"ulid": {
			"version": "2.3.0",
			"resolved": "https://registry.npmjs.org/ulid/-/ulid-2.3.0.tgz",
			"integrity": "sha512-keqHubrlpvT6G2wH0OEfSW4mquYRcbe/J8NMmveoQOjUqmo+hXtO+ORCpWhdbZ7k72UtY61BL7haGxW6enBnjw=="
		}
	}
}
