{
  "name": "@anchan828/typeorm-transformers",
  "version": "0.3.21",
  "lockfileVersion": 1,
  "requires": true,
  "dependencies": {
    "deepmerge": {
      "version": "4.1.0",
      "resolved": "https://registry.npmjs.org/deepmerge/-/deepmerge-4.1.0.tgz",
      "integrity": "sha512-tJlmKE535XRVBrzMRMqlm4V2S/l3yO/qr9Ad0MUqgR5jh9epGrALs8Q6+pROMa6ntDieAlnmYM/cDFCtNjp4+Q=="
    }
  }
}
