{
  "name": "@anchan828/typeorm-transformers",
  "version": "0.3.22",
  "lockfileVersion": 1,
  "requires": true,
  "dependencies": {
    "deepmerge": {
      "version": "4.1.1",
      "resolved": "https://registry.npmjs.org/deepmerge/-/deepmerge-4.1.1.tgz",
      "integrity": "sha512-+qO5WbNBKBaZez95TffdUDnGIo4+r5kmsX8aOb7PDHvXsTbghAmleuxjs6ytNaf5Eg4FGBXDS5vqO61TRi6BMg=="
    }
  }
}
