{
	"name": "testing",
	"version": "0.7.15",
	"lockfileVersion": 2,
	"requires": true,
	"packages": {
		"": {
			"name": "testing",
			"version": "0.7.15",
			"license": "MIT",
			"dependencies": {
				"deepmerge": "4.2.2"
			}
		},
		"node_modules/deepmerge": {
			"version": "4.2.2",
			"resolved": "https://registry.npmjs.org/deepmerge/-/deepmerge-4.2.2.tgz",
			"integrity": "sha512-FJ3UgI4gIl+PHZm53knsuSFpE+nESMr7M4v9QcgB7S63Kj/6WqMiFQJpBBYz1Pt+66bZpP3Q7Lye0Oo9MPKEdg==",
			"engines": {
				"node": ">=0.10.0"
			}
		}
	},
	"dependencies": {
		"deepmerge": {
			"version": "4.2.2",
			"resolved": "https://registry.npmjs.org/deepmerge/-/deepmerge-4.2.2.tgz",
			"integrity": "sha512-FJ3UgI4gIl+PHZm53knsuSFpE+nESMr7M4v9QcgB7S63Kj/6WqMiFQJpBBYz1Pt+66bZpP3Q7Lye0Oo9MPKEdg=="
		}
	}
}
